
Microsoft Visual Studio Solution File, Format Version 12.00
# Visual Studio Version 17
VisualStudioVersion = 17.5.002.0
MinimumVisualStudioVersion = 10.0.40219.1
Project("{9A19103F-16F7-4668-BE54-9A1E7A4F7556}") = "DBTechcareer", "DBTechcareer\DBTechcareer.csproj", "{0CE3E94A-BEF1-4BB1-9AE7-EBFA3691AAB9}"
EndProject
Global
	GlobalSection(SolutionConfigurationPlatforms) = preSolution
		Debug|Any CPU = Debug|Any CPU
		Release|Any CPU = Release|Any CPU
	EndGlobalSection
	GlobalSection(ProjectConfigurationPlatforms) = postSolution
		{0CE3E94A-BEF1-4BB1-9AE7-EBFA3691AAB9}.Debug|Any CPU.ActiveCfg = Debug|Any CPU
		{0CE3E94A-BEF1-4BB1-9AE7-EBFA3691AAB9}.Debug|Any CPU.Build.0 = Debug|Any CPU
		{0CE3E94A-BEF1-4BB1-9AE7-EBFA3691AAB9}.Release|Any CPU.ActiveCfg = Release|Any CPU
		{0CE3E94A-BEF1-4BB1-9AE7-EBFA3691AAB9}.Release|Any CPU.Build.0 = Release|Any CPU
	EndGlobalSection
	GlobalSection(SolutionProperties) = preSolution
		HideSolutionNode = FALSE
	EndGlobalSection
	GlobalSection(ExtensibilityGlobals) = postSolution
		SolutionGuid = {E6496E3F-43B5-49C3-9793-C12F07111673}
	EndGlobalSection
EndGlobal
